
Microsoft Visual Studio Solution File, Format Version 12.00
# Visual Studio Version 16
VisualStudioVersion = 16.0.29806.167
MinimumVisualStudioVersion = 10.0.40219.1
Project("{FAE04EC0-301F-11D3-BF4B-00C04F79EFBC}") = "Inventory.WebApi", "Inventory.WebApi\Inventory.WebApi.csproj", "{44ED3891-3E5B-4F11-9980-7BFCE04AD13B}"
EndProject
Project("{FAE04EC0-301F-11D3-BF4B-00C04F79EFBC}") = "Inventory.WebApi.Tests", "Inventory.WebApi.Tests\Inventory.WebApi.Tests.csproj", "{77AE93C3-B633-4372-AB27-8423AF2BA1DB}"
EndProject
Global
	GlobalSection(SolutionConfigurationPlatforms) = preSolution
		Debug|Any CPU = Debug|Any CPU
		Debug|x64 = Debug|x64
		Release|Any CPU = Release|Any CPU
		Release|x64 = Release|x64
	EndGlobalSection
	GlobalSection(ProjectConfigurationPlatforms) = postSolution
		{44ED3891-3E5B-4F11-9980-7BFCE04AD13B}.Debug|Any CPU.ActiveCfg = Debug|Any CPU
		{44ED3891-3E5B-4F11-9980-7BFCE04AD13B}.Debug|Any CPU.Build.0 = Debug|Any CPU
		{44ED3891-3E5B-4F11-9980-7BFCE04AD13B}.Debug|x64.ActiveCfg = Debug|x64
		{44ED3891-3E5B-4F11-9980-7BFCE04AD13B}.Debug|x64.Build.0 = Debug|x64
		{44ED3891-3E5B-4F11-9980-7BFCE04AD13B}.Release|Any CPU.ActiveCfg = Release|Any CPU
		{44ED3891-3E5B-4F11-9980-7BFCE04AD13B}.Release|Any CPU.Build.0 = Release|Any CPU
		{44ED3891-3E5B-4F11-9980-7BFCE04AD13B}.Release|x64.ActiveCfg = Release|x64
		{44ED3891-3E5B-4F11-9980-7BFCE04AD13B}.Release|x64.Build.0 = Release|x64
		{77AE93C3-B633-4372-AB27-8423AF2BA1DB}.Debug|Any CPU.ActiveCfg = Debug|Any CPU
		{77AE93C3-B633-4372-AB27-8423AF2BA1DB}.Debug|Any CPU.Build.0 = Debug|Any CPU
		{77AE93C3-B633-4372-AB27-8423AF2BA1DB}.Debug|x64.ActiveCfg = Debug|x64
		{77AE93C3-B633-4372-AB27-8423AF2BA1DB}.Debug|x64.Build.0 = Debug|x64
		{77AE93C3-B633-4372-AB27-8423AF2BA1DB}.Release|Any CPU.ActiveCfg = Release|Any CPU
		{77AE93C3-B633-4372-AB27-8423AF2BA1DB}.Release|Any CPU.Build.0 = Release|Any CPU
		{77AE93C3-B633-4372-AB27-8423AF2BA1DB}.Release|x64.ActiveCfg = Release|x64
		{77AE93C3-B633-4372-AB27-8423AF2BA1DB}.Release|x64.Build.0 = Release|x64
	EndGlobalSection
	GlobalSection(SolutionProperties) = preSolution
		HideSolutionNode = FALSE
	EndGlobalSection
	GlobalSection(ExtensibilityGlobals) = postSolution
		SolutionGuid = {00345248-3D9C-47F2-850A-915F86D2664A}
	EndGlobalSection
EndGlobal
